
Microsoft Visual Studio Solution File, Format Version 12.00
# Visual Studio 15
VisualStudioVersion = 15.0.28010.2050
MinimumVisualStudioVersion = 10.0.40219.1
Project("{FAE04EC0-301F-11D3-BF4B-00C04F79EFBC}") = "Uppgift2", "Uppgift2.csproj", "{E99E8036-F58C-44B0-9F24-CFA9AB010F61}"
EndProject
Global
	GlobalSection(SolutionConfigurationPlatforms) = preSolution
		Debug|Any CPU = Debug|Any CPU
		Release|Any CPU = Release|Any CPU
	EndGlobalSection
	GlobalSection(ProjectConfigurationPlatforms) = postSolution
		{E99E8036-F58C-44B0-9F24-CFA9AB010F61}.Debug|Any CPU.ActiveCfg = Debug|Any CPU
		{E99E8036-F58C-44B0-9F24-CFA9AB010F61}.Debug|Any CPU.Build.0 = Debug|Any CPU
		{E99E8036-F58C-44B0-9F24-CFA9AB010F61}.Release|Any CPU.ActiveCfg = Release|Any CPU
		{E99E8036-F58C-44B0-9F24-CFA9AB010F61}.Release|Any CPU.Build.0 = Release|Any CPU
	EndGlobalSection
	GlobalSection(SolutionProperties) = preSolution
		HideSolutionNode = FALSE
	EndGlobalSection
	GlobalSection(ExtensibilityGlobals) = postSolution
		SolutionGuid = {A0A67932-996D-499D-B6F2-FF5D521EB1CA}
	EndGlobalSection
EndGlobal
